
Microsoft Visual Studio Solution File, Format Version 12.00
# Visual Studio Version 16
VisualStudioVersion = 16.0.30413.136
MinimumVisualStudioVersion = 10.0.40219.1
Project("{9A19103F-16F7-4668-BE54-9A1E7A4F7556}") = "D-M01-Console", "Demo-Console\D-M01-Console.csproj", "{AD0B0521-66EF-45CA-A7EF-F1D237114429}"
EndProject
Project("{9A19103F-16F7-4668-BE54-9A1E7A4F7556}") = "D-M02-string", "Demo-string\D-M02-string.csproj", "{AE52DEA8-D5A8-4C56-A0B8-8CCC8684AA7A}"
EndProject
Project("{9A19103F-16F7-4668-BE54-9A1E7A4F7556}") = "D-M02-char", "Demo-char\D-M02-char.csproj", "{1AAC0566-617E-4DB9-9B56-1E010F2EDB03}"
EndProject
Project("{9A19103F-16F7-4668-BE54-9A1E7A4F7556}") = "D-M03-int", "Demo-int\D-M03-int.csproj", "{8BC82A13-D847-45E8-A894-2D9454D40A87}"
EndProject
Project("{9A19103F-16F7-4668-BE54-9A1E7A4F7556}") = "D-M03-double", "Demo-double\D-M03-double.csproj", "{4142B668-5693-4949-80CA-6E0DF8A3EBF9}"
EndProject
Project("{9A19103F-16F7-4668-BE54-9A1E7A4F7556}") = "Ü-M03-MiniRechner", "Ü-M03-MiniRechner\Ü-M03-MiniRechner.csproj", "{63EDA341-4E7F-495C-8B27-5FCF5FDF95F3}"
EndProject
Project("{9A19103F-16F7-4668-BE54-9A1E7A4F7556}") = "D-M04-Conditions", "Demo-Conditions\D-M04-Conditions.csproj", "{804341FA-9213-42B4-8909-766E23021D53}"
EndProject
Project("{9A19103F-16F7-4668-BE54-9A1E7A4F7556}") = "Ü-M04-Switch-N-Enum", "Ü-M04-Switch-N-Enum\Ü-M04-Switch-N-Enum.csproj", "{CCB0E626-B5ED-4F10-B08A-BAED94FF0860}"
EndProject
Project("{9A19103F-16F7-4668-BE54-9A1E7A4F7556}") = "Ü-M05-For-Loop", "Ü-M05-For-Loop\Ü-M05-For-Loop.csproj", "{77758988-E652-4F41-8C4A-8C66896DB4EA}"
EndProject
Project("{9A19103F-16F7-4668-BE54-9A1E7A4F7556}") = "Ü-M05-Zahlenratespiel", "Ü-M05-Zahlenratespiel\Ü-M05-Zahlenratespiel.csproj", "{277B08EF-9F6B-4F55-848A-8E187C4F5794}"
EndProject
Project("{9A19103F-16F7-4668-BE54-9A1E7A4F7556}") = "D-M06-Arrays", "Demo-Arrays\D-M06-Arrays.csproj", "{BD2F373A-53FE-4B97-8F27-C21D1FE427F3}"
EndProject
Project("{9A19103F-16F7-4668-BE54-9A1E7A4F7556}") = "Ü-M06-Lotto", "Ü-M06-Lotto\Ü-M06-Lotto.csproj", "{7D9E0F59-B72E-472E-8CA3-30C2C0CB5331}"
EndProject
Project("{9A19103F-16F7-4668-BE54-9A1E7A4F7556}") = "D-M07-Functions", "D-M07-Functions\D-M07-Functions.csproj", "{86F5D610-B165-41AE-87AA-03F4EE6A1BCC}"
EndProject
Project("{9A19103F-16F7-4668-BE54-9A1E7A4F7556}") = "D-M08-Classes", "D-M08-Classes\D-M08-Classes.csproj", "{4960D8FA-5F8F-4280-B918-5A952BC88473}"
EndProject
Project("{9A19103F-16F7-4668-BE54-9A1E7A4F7556}") = "D-M08-Classes-Consumer", "D-M08-Classes-Consumer\D-M08-Classes-Consumer.csproj", "{BD572FDF-2014-4825-8145-3E8CD699063F}"
EndProject
Project("{9A19103F-16F7-4668-BE54-9A1E7A4F7556}") = "Ü-M08-Fuhrpark", "Ü-M08-Fuhrpark\Ü-M08-Fuhrpark.csproj", "{7171B33D-A26E-45A1-86D1-62E31E50E61D}"
EndProject
Project("{9A19103F-16F7-4668-BE54-9A1E7A4F7556}") = "D-M09-FileAccess", "D-M09-FileAccess\D-M09-FileAccess.csproj", "{45158C77-0F98-42F0-85FF-DFB0B229CC72}"
EndProject
Project("{9A19103F-16F7-4668-BE54-9A1E7A4F7556}") = "D-M10-HttpClient", "D-M10-HttpClient\D-M10-HttpClient.csproj", "{63789485-8D88-4E86-B222-96E0CAA7BFB8}"
EndProject
Project("{9A19103F-16F7-4668-BE54-9A1E7A4F7556}") = "D-M11-Inheritence", "D-M11-Inheritence\D-M11-Inheritence.csproj", "{E04D59EE-4641-40FA-B863-5D8E943BCC80}"
EndProject
Project("{9A19103F-16F7-4668-BE54-9A1E7A4F7556}") = "Ü-M11-Inheritence", "Ü-M11-Inheritence\Ü-M11-Inheritence.csproj", "{D3DB100A-A4BB-4C87-A00B-FE115C24FC4D}"
EndProject
Project("{9A19103F-16F7-4668-BE54-9A1E7A4F7556}") = "D-M12-Exceptions", "D-M12-Exceptions\D-M12-Exceptions.csproj", "{BAF47BC4-421A-47F8-92C6-9C77B20155A0}"
EndProject
Project("{FAE04EC0-301F-11D3-BF4B-00C04F79EFBC}") = "Ü-M13-Interfaces", "Ü-M13-Interfaces\Ü-M13-Interfaces.csproj", "{4CD7561D-A949-4DF4-9996-AD1D1FD094AD}"
EndProject
Project("{FAE04EC0-301F-11D3-BF4B-00C04F79EFBC}") = "D-M14-GenericStructures", "D-M14-GenericStructures\D-M14-GenericStructures.csproj", "{FFE0AED1-D0C6-4DDA-B502-519014A9C3BD}"
EndProject
Global
	GlobalSection(SolutionConfigurationPlatforms) = preSolution
		Debug|Any CPU = Debug|Any CPU
		Release|Any CPU = Release|Any CPU
	EndGlobalSection
	GlobalSection(ProjectConfigurationPlatforms) = postSolution
		{AD0B0521-66EF-45CA-A7EF-F1D237114429}.Debug|Any CPU.ActiveCfg = Debug|Any CPU
		{AD0B0521-66EF-45CA-A7EF-F1D237114429}.Debug|Any CPU.Build.0 = Debug|Any CPU
		{AD0B0521-66EF-45CA-A7EF-F1D237114429}.Release|Any CPU.ActiveCfg = Release|Any CPU
		{AD0B0521-66EF-45CA-A7EF-F1D237114429}.Release|Any CPU.Build.0 = Release|Any CPU
		{AE52DEA8-D5A8-4C56-A0B8-8CCC8684AA7A}.Debug|Any CPU.ActiveCfg = Debug|Any CPU
		{AE52DEA8-D5A8-4C56-A0B8-8CCC8684AA7A}.Debug|Any CPU.Build.0 = Debug|Any CPU
		{AE52DEA8-D5A8-4C56-A0B8-8CCC8684AA7A}.Release|Any CPU.ActiveCfg = Release|Any CPU
		{AE52DEA8-D5A8-4C56-A0B8-8CCC8684AA7A}.Release|Any CPU.Build.0 = Release|Any CPU
		{1AAC0566-617E-4DB9-9B56-1E010F2EDB03}.Debug|Any CPU.ActiveCfg = Debug|Any CPU
		{1AAC0566-617E-4DB9-9B56-1E010F2EDB03}.Debug|Any CPU.Build.0 = Debug|Any CPU
		{1AAC0566-617E-4DB9-9B56-1E010F2EDB03}.Release|Any CPU.ActiveCfg = Release|Any CPU
		{1AAC0566-617E-4DB9-9B56-1E010F2EDB03}.Release|Any CPU.Build.0 = Release|Any CPU
		{8BC82A13-D847-45E8-A894-2D9454D40A87}.Debug|Any CPU.ActiveCfg = Debug|Any CPU
		{8BC82A13-D847-45E8-A894-2D9454D40A87}.Debug|Any CPU.Build.0 = Debug|Any CPU
		{8BC82A13-D847-45E8-A894-2D9454D40A87}.Release|Any CPU.ActiveCfg = Release|Any CPU
		{8BC82A13-D847-45E8-A894-2D9454D40A87}.Release|Any CPU.Build.0 = Release|Any CPU
		{4142B668-5693-4949-80CA-6E0DF8A3EBF9}.Debug|Any CPU.ActiveCfg = Debug|Any CPU
		{4142B668-5693-4949-80CA-6E0DF8A3EBF9}.Debug|Any CPU.Build.0 = Debug|Any CPU
		{4142B668-5693-4949-80CA-6E0DF8A3EBF9}.Release|Any CPU.ActiveCfg = Release|Any CPU
		{4142B668-5693-4949-80CA-6E0DF8A3EBF9}.Release|Any CPU.Build.0 = Release|Any CPU
		{63EDA341-4E7F-495C-8B27-5FCF5FDF95F3}.Debug|Any CPU.ActiveCfg = Debug|Any CPU
		{63EDA341-4E7F-495C-8B27-5FCF5FDF95F3}.Debug|Any CPU.Build.0 = Debug|Any CPU
		{63EDA341-4E7F-495C-8B27-5FCF5FDF95F3}.Release|Any CPU.ActiveCfg = Release|Any CPU
		{63EDA341-4E7F-495C-8B27-5FCF5FDF95F3}.Release|Any CPU.Build.0 = Release|Any CPU
		{804341FA-9213-42B4-8909-766E23021D53}.Debug|Any CPU.ActiveCfg = Debug|Any CPU
		{804341FA-9213-42B4-8909-766E23021D53}.Debug|Any CPU.Build.0 = Debug|Any CPU
		{804341FA-9213-42B4-8909-766E23021D53}.Release|Any CPU.ActiveCfg = Release|Any CPU
		{804341FA-9213-42B4-8909-766E23021D53}.Release|Any CPU.Build.0 = Release|Any CPU
		{CCB0E626-B5ED-4F10-B08A-BAED94FF0860}.Debug|Any CPU.ActiveCfg = Debug|Any CPU
		{CCB0E626-B5ED-4F10-B08A-BAED94FF0860}.Debug|Any CPU.Build.0 = Debug|Any CPU
		{CCB0E626-B5ED-4F10-B08A-BAED94FF0860}.Release|Any CPU.ActiveCfg = Release|Any CPU
		{CCB0E626-B5ED-4F10-B08A-BAED94FF0860}.Release|Any CPU.Build.0 = Release|Any CPU
		{77758988-E652-4F41-8C4A-8C66896DB4EA}.Debug|Any CPU.ActiveCfg = Debug|Any CPU
		{77758988-E652-4F41-8C4A-8C66896DB4EA}.Debug|Any CPU.Build.0 = Debug|Any CPU
		{77758988-E652-4F41-8C4A-8C66896DB4EA}.Release|Any CPU.ActiveCfg = Release|Any CPU
		{77758988-E652-4F41-8C4A-8C66896DB4EA}.Release|Any CPU.Build.0 = Release|Any CPU
		{277B08EF-9F6B-4F55-848A-8E187C4F5794}.Debug|Any CPU.ActiveCfg = Debug|Any CPU
		{277B08EF-9F6B-4F55-848A-8E187C4F5794}.Debug|Any CPU.Build.0 = Debug|Any CPU
		{277B08EF-9F6B-4F55-848A-8E187C4F5794}.Release|Any CPU.ActiveCfg = Release|Any CPU
		{277B08EF-9F6B-4F55-848A-8E187C4F5794}.Release|Any CPU.Build.0 = Release|Any CPU
		{BD2F373A-53FE-4B97-8F27-C21D1FE427F3}.Debug|Any CPU.ActiveCfg = Debug|Any CPU
		{BD2F373A-53FE-4B97-8F27-C21D1FE427F3}.Debug|Any CPU.Build.0 = Debug|Any CPU
		{BD2F373A-53FE-4B97-8F27-C21D1FE427F3}.Release|Any CPU.ActiveCfg = Release|Any CPU
		{BD2F373A-53FE-4B97-8F27-C21D1FE427F3}.Release|Any CPU.Build.0 = Release|Any CPU
		{7D9E0F59-B72E-472E-8CA3-30C2C0CB5331}.Debug|Any CPU.ActiveCfg = Debug|Any CPU
		{7D9E0F59-B72E-472E-8CA3-30C2C0CB5331}.Debug|Any CPU.Build.0 = Debug|Any CPU
		{7D9E0F59-B72E-472E-8CA3-30C2C0CB5331}.Release|Any CPU.ActiveCfg = Release|Any CPU
		{7D9E0F59-B72E-472E-8CA3-30C2C0CB5331}.Release|Any CPU.Build.0 = Release|Any CPU
		{86F5D610-B165-41AE-87AA-03F4EE6A1BCC}.Debug|Any CPU.ActiveCfg = Debug|Any CPU
		{86F5D610-B165-41AE-87AA-03F4EE6A1BCC}.Debug|Any CPU.Build.0 = Debug|Any CPU
		{86F5D610-B165-41AE-87AA-03F4EE6A1BCC}.Release|Any CPU.ActiveCfg = Release|Any CPU
		{86F5D610-B165-41AE-87AA-03F4EE6A1BCC}.Release|Any CPU.Build.0 = Release|Any CPU
		{4960D8FA-5F8F-4280-B918-5A952BC88473}.Debug|Any CPU.ActiveCfg = Debug|Any CPU
		{4960D8FA-5F8F-4280-B918-5A952BC88473}.Debug|Any CPU.Build.0 = Debug|Any CPU
		{4960D8FA-5F8F-4280-B918-5A952BC88473}.Release|Any CPU.ActiveCfg = Release|Any CPU
		{4960D8FA-5F8F-4280-B918-5A952BC88473}.Release|Any CPU.Build.0 = Release|Any CPU
		{BD572FDF-2014-4825-8145-3E8CD699063F}.Debug|Any CPU.ActiveCfg = Debug|Any CPU
		{BD572FDF-2014-4825-8145-3E8CD699063F}.Debug|Any CPU.Build.0 = Debug|Any CPU
		{BD572FDF-2014-4825-8145-3E8CD699063F}.Release|Any CPU.ActiveCfg = Release|Any CPU
		{BD572FDF-2014-4825-8145-3E8CD699063F}.Release|Any CPU.Build.0 = Release|Any CPU
		{7171B33D-A26E-45A1-86D1-62E31E50E61D}.Debug|Any CPU.ActiveCfg = Debug|Any CPU
		{7171B33D-A26E-45A1-86D1-62E31E50E61D}.Debug|Any CPU.Build.0 = Debug|Any CPU
		{7171B33D-A26E-45A1-86D1-62E31E50E61D}.Release|Any CPU.ActiveCfg = Release|Any CPU
		{7171B33D-A26E-45A1-86D1-62E31E50E61D}.Release|Any CPU.Build.0 = Release|Any CPU
		{45158C77-0F98-42F0-85FF-DFB0B229CC72}.Debug|Any CPU.ActiveCfg = Debug|Any CPU
		{45158C77-0F98-42F0-85FF-DFB0B229CC72}.Debug|Any CPU.Build.0 = Debug|Any CPU
		{45158C77-0F98-42F0-85FF-DFB0B229CC72}.Release|Any CPU.ActiveCfg = Release|Any CPU
		{45158C77-0F98-42F0-85FF-DFB0B229CC72}.Release|Any CPU.Build.0 = Release|Any CPU
		{63789485-8D88-4E86-B222-96E0CAA7BFB8}.Debug|Any CPU.ActiveCfg = Debug|Any CPU
		{63789485-8D88-4E86-B222-96E0CAA7BFB8}.Debug|Any CPU.Build.0 = Debug|Any CPU
		{63789485-8D88-4E86-B222-96E0CAA7BFB8}.Release|Any CPU.ActiveCfg = Release|Any CPU
		{63789485-8D88-4E86-B222-96E0CAA7BFB8}.Release|Any CPU.Build.0 = Release|Any CPU
		{E04D59EE-4641-40FA-B863-5D8E943BCC80}.Debug|Any CPU.ActiveCfg = Debug|Any CPU
		{E04D59EE-4641-40FA-B863-5D8E943BCC80}.Debug|Any CPU.Build.0 = Debug|Any CPU
		{E04D59EE-4641-40FA-B863-5D8E943BCC80}.Release|Any CPU.ActiveCfg = Release|Any CPU
		{E04D59EE-4641-40FA-B863-5D8E943BCC80}.Release|Any CPU.Build.0 = Release|Any CPU
		{D3DB100A-A4BB-4C87-A00B-FE115C24FC4D}.Debug|Any CPU.ActiveCfg = Debug|Any CPU
		{D3DB100A-A4BB-4C87-A00B-FE115C24FC4D}.Debug|Any CPU.Build.0 = Debug|Any CPU
		{D3DB100A-A4BB-4C87-A00B-FE115C24FC4D}.Release|Any CPU.ActiveCfg = Release|Any CPU
		{D3DB100A-A4BB-4C87-A00B-FE115C24FC4D}.Release|Any CPU.Build.0 = Release|Any CPU
		{BAF47BC4-421A-47F8-92C6-9C77B20155A0}.Debug|Any CPU.ActiveCfg = Debug|Any CPU
		{BAF47BC4-421A-47F8-92C6-9C77B20155A0}.Debug|Any CPU.Build.0 = Debug|Any CPU
		{BAF47BC4-421A-47F8-92C6-9C77B20155A0}.Release|Any CPU.ActiveCfg = Release|Any CPU
		{BAF47BC4-421A-47F8-92C6-9C77B20155A0}.Release|Any CPU.Build.0 = Release|Any CPU
		{4CD7561D-A949-4DF4-9996-AD1D1FD094AD}.Debug|Any CPU.ActiveCfg = Debug|Any CPU
		{4CD7561D-A949-4DF4-9996-AD1D1FD094AD}.Debug|Any CPU.Build.0 = Debug|Any CPU
		{4CD7561D-A949-4DF4-9996-AD1D1FD094AD}.Release|Any CPU.ActiveCfg = Release|Any CPU
		{4CD7561D-A949-4DF4-9996-AD1D1FD094AD}.Release|Any CPU.Build.0 = Release|Any CPU
		{FFE0AED1-D0C6-4DDA-B502-519014A9C3BD}.Debug|Any CPU.ActiveCfg = Debug|Any CPU
		{FFE0AED1-D0C6-4DDA-B502-519014A9C3BD}.Debug|Any CPU.Build.0 = Debug|Any CPU
		{FFE0AED1-D0C6-4DDA-B502-519014A9C3BD}.Release|Any CPU.ActiveCfg = Release|Any CPU
		{FFE0AED1-D0C6-4DDA-B502-519014A9C3BD}.Release|Any CPU.Build.0 = Release|Any CPU
	EndGlobalSection
	GlobalSection(SolutionProperties) = preSolution
		HideSolutionNode = FALSE
	EndGlobalSection
	GlobalSection(ExtensibilityGlobals) = postSolution
		SolutionGuid = {360CEA33-C9E5-45F4-8314-B8D59EFAA230}
	EndGlobalSection
EndGlobal
